
Microsoft Visual Studio Solution File, Format Version 12.00
Project("{FAE04EC0-301F-11D3-BF4B-00C04F79EFBC}") = "Izvne.Scripting", "Izvne.Scripting\Izvne.Scripting.csproj", "{A69AFDD6-641E-4328-B2BA-F47CFECDD6FF}"
EndProject
Global
	GlobalSection(SolutionConfigurationPlatforms) = preSolution
		Debug|Any CPU = Debug|Any CPU
		Release|Any CPU = Release|Any CPU
	EndGlobalSection
	GlobalSection(ProjectConfigurationPlatforms) = postSolution
		{A69AFDD6-641E-4328-B2BA-F47CFECDD6FF}.Debug|Any CPU.ActiveCfg = Debug|Any CPU
		{A69AFDD6-641E-4328-B2BA-F47CFECDD6FF}.Debug|Any CPU.Build.0 = Debug|Any CPU
		{A69AFDD6-641E-4328-B2BA-F47CFECDD6FF}.Release|Any CPU.ActiveCfg = Release|Any CPU
		{A69AFDD6-641E-4328-B2BA-F47CFECDD6FF}.Release|Any CPU.Build.0 = Release|Any CPU
	EndGlobalSection
EndGlobal
